// !$*UTF8*$!
{
	archiveVersion = 1;
	classes = {
	};
	objectVersion = 46;
	objects = {

/* Begin PBXBuildFile section */
		607FACEC1AFB9204008FA782 /* Tests.swift in Sources */ = {isa = PBXBuildFile; fileRef = 607FACEB1AFB9204008FA782 /* Tests.swift */; };
		98089E42CB4F2EBC9DDC70CC /* Pods_Appointments_Example.framework in Frameworks */ = {isa = PBXBuildFile; fileRef = 7BE7F8DAC57FE70B1FE793B9 /* Pods_Appointments_Example.framework */; };
		C695265F26F0677900C9C7C5 /* FacilityProvider.swift in Sources */ = {isa = PBXBuildFile; fileRef = C695265C26F0677900C9C7C5 /* FacilityProvider.swift */; };
		C695266026F0677900C9C7C5 /* UserProvider.swift in Sources */ = {isa = PBXBuildFile; fileRef = C695265D26F0677900C9C7C5 /* UserProvider.swift */; };
		C695266126F0677900C9C7C5 /* AuthenticationProvider.swift in Sources */ = {isa = PBXBuildFile; fileRef = C695265E26F0677900C9C7C5 /* AuthenticationProvider.swift */; };
		C6D0160626EF2F6E00797F67 /* AppDelegate.swift in Sources */ = {isa = PBXBuildFile; fileRef = C6D015C926EF2F6D00797F67 /* AppDelegate.swift */; };
		C6D0160826EF2F6E00797F67 /* Constant.swift in Sources */ = {isa = PBXBuildFile; fileRef = C6D015CC26EF2F6D00797F67 /* Constant.swift */; };
		C6D0160926EF2F6E00797F67 /* ApiManager.swift in Sources */ = {isa = PBXBuildFile; fileRef = C6D015CD26EF2F6D00797F67 /* ApiManager.swift */; };
		C6D0160A26EF2F6E00797F67 /* BaseViewController.swift in Sources */ = {isa = PBXBuildFile; fileRef = C6D015D026EF2F6D00797F67 /* BaseViewController.swift */; };
		C6D0160B26EF2F6E00797F67 /* Functions.swift in Sources */ = {isa = PBXBuildFile; fileRef = C6D015D126EF2F6D00797F67 /* Functions.swift */; };
		C6D0160C26EF2F6E00797F67 /* ReachabilityNet.swift in Sources */ = {isa = PBXBuildFile; fileRef = C6D015D226EF2F6D00797F67 /* ReachabilityNet.swift */; };
		C6D0160D26EF2F6E00797F67 /* StoryBoardExtension.swift in Sources */ = {isa = PBXBuildFile; fileRef = C6D015D326EF2F6E00797F67 /* StoryBoardExtension.swift */; };
		C6D0160E26EF2F6E00797F67 /* Designables.swift in Sources */ = {isa = PBXBuildFile; fileRef = C6D015D526EF2F6E00797F67 /* Designables.swift */; };
		C6D0162826EF2F6E00797F67 /* FacilityViewController.swift in Sources */ = {isa = PBXBuildFile; fileRef = C6D015F326EF2F6E00797F67 /* FacilityViewController.swift */; };
		C6D0162926EF2F6E00797F67 /* FacilityViewModel.swift in Sources */ = {isa = PBXBuildFile; fileRef = C6D015F526EF2F6E00797F67 /* FacilityViewModel.swift */; };
		C6D0162A26EF2F6E00797F67 /* FacilityListCell.swift in Sources */ = {isa = PBXBuildFile; fileRef = C6D015F726EF2F6E00797F67 /* FacilityListCell.swift */; };
		C6D0162C26EF2F6E00797F67 /* LoginViewModel.swift in Sources */ = {isa = PBXBuildFile; fileRef = C6D015FB26EF2F6E00797F67 /* LoginViewModel.swift */; };
		C6D0162D26EF2F6E00797F67 /* User.swift in Sources */ = {isa = PBXBuildFile; fileRef = C6D015FD26EF2F6E00797F67 /* User.swift */; };
		C6D0162E26EF2F6E00797F67 /* LoginViewController.swift in Sources */ = {isa = PBXBuildFile; fileRef = C6D015FF26EF2F6E00797F67 /* LoginViewController.swift */; };
		C6D0163126EF30C400797F67 /* LaunchScreen.storyboard in Resources */ = {isa = PBXBuildFile; fileRef = C6D0160126EF2F6E00797F67 /* LaunchScreen.storyboard */; };
		C6D0163226EF30C600797F67 /* Main.storyboard in Resources */ = {isa = PBXBuildFile; fileRef = C6D0160326EF2F6E00797F67 /* Main.storyboard */; };
		C6D0163326EF315D00797F67 /* Assets.xcassets in Resources */ = {isa = PBXBuildFile; fileRef = C6D015C826EF2F6D00797F67 /* Assets.xcassets */; };
		C6D0163426EF31A800797F67 /* FacilityListCell.xib in Resources */ = {isa = PBXBuildFile; fileRef = C6D015F826EF2F6E00797F67 /* FacilityListCell.xib */; };
		C6D0164C26EF400700797F67 /* Family.swift in Sources */ = {isa = PBXBuildFile; fileRef = C6D0163626EF400500797F67 /* Family.swift */; };
		C6D0164D26EF400700797F67 /* Staff.swift in Sources */ = {isa = PBXBuildFile; fileRef = C6D0163726EF400500797F67 /* Staff.swift */; };
		C6D0164E26EF400700797F67 /* Details.swift in Sources */ = {isa = PBXBuildFile; fileRef = C6D0163826EF400500797F67 /* Details.swift */; };
		C6D0164F26EF400700797F67 /* Activities2.swift in Sources */ = {isa = PBXBuildFile; fileRef = C6D0163926EF400500797F67 /* Activities2.swift */; };
		C6D0165026EF400700797F67 /* Emar_configs.swift in Sources */ = {isa = PBXBuildFile; fileRef = C6D0163A26EF400500797F67 /* Emar_configs.swift */; };
		C6D0165126EF400700797F67 /* Authorization.swift in Sources */ = {isa = PBXBuildFile; fileRef = C6D0163B26EF400500797F67 /* Authorization.swift */; };
		C6D0165226EF400700797F67 /* SubWebapps.swift in Sources */ = {isa = PBXBuildFile; fileRef = C6D0163C26EF400600797F67 /* SubWebapps.swift */; };
		C6D0165326EF400700797F67 /* Rsp.swift in Sources */ = {isa = PBXBuildFile; fileRef = C6D0163D26EF400600797F67 /* Rsp.swift */; };
		C6D0165426EF400700797F67 /* Levels.swift in Sources */ = {isa = PBXBuildFile; fileRef = C6D0163E26EF400600797F67 /* Levels.swift */; };
		C6D0165526EF400700797F67 /* Assessments.swift in Sources */ = {isa = PBXBuildFile; fileRef = C6D0163F26EF400600797F67 /* Assessments.swift */; };
		C6D0165626EF400700797F67 /* Facilities.swift in Sources */ = {isa = PBXBuildFile; fileRef = C6D0164026EF400600797F67 /* Facilities.swift */; };
		C6D0165726EF400700797F67 /* ClinicalReferral.swift in Sources */ = {isa = PBXBuildFile; fileRef = C6D0164126EF400600797F67 /* ClinicalReferral.swift */; };
		C6D0165826EF400700797F67 /* Tags.swift in Sources */ = {isa = PBXBuildFile; fileRef = C6D0164226EF400600797F67 /* Tags.swift */; };
		C6D0165926EF400700797F67 /* Permissions.swift in Sources */ = {isa = PBXBuildFile; fileRef = C6D0164326EF400600797F67 /* Permissions.swift */; };
		C6D0165A26EF400700797F67 /* Roles.swift in Sources */ = {isa = PBXBuildFile; fileRef = C6D0164426EF400700797F67 /* Roles.swift */; };
		C6D0165B26EF400700797F67 /* Shifts.swift in Sources */ = {isa = PBXBuildFile; fileRef = C6D0164526EF400700797F67 /* Shifts.swift */; };
		C6D0165C26EF400700797F67 /* Social.swift in Sources */ = {isa = PBXBuildFile; fileRef = C6D0164626EF400700797F67 /* Social.swift */; };
		C6D0165D26EF400700797F67 /* Notes.swift in Sources */ = {isa = PBXBuildFile; fileRef = C6D0164726EF400700797F67 /* Notes.swift */; };
		C6D0165E26EF400700797F67 /* Tenant.swift in Sources */ = {isa = PBXBuildFile; fileRef = C6D0164826EF400700797F67 /* Tenant.swift */; };
		C6D0165F26EF400700797F67 /* FacilitiesUser.swift in Sources */ = {isa = PBXBuildFile; fileRef = C6D0164926EF400700797F67 /* FacilitiesUser.swift */; };
		C6D0166026EF400700797F67 /* Authorized_residents.swift in Sources */ = {isa = PBXBuildFile; fileRef = C6D0164A26EF400700797F67 /* Authorized_residents.swift */; };
		C6D0166126EF400700797F67 /* FacilitiesModel.swift in Sources */ = {isa = PBXBuildFile; fileRef = C6D0164B26EF400700797F67 /* FacilitiesModel.swift */; };
		E7D2E0497827F005E5F8AE8D /* Pods_Appointments_Tests.framework in Frameworks */ = {isa = PBXBuildFile; fileRef = A7E72363FF05B2494AEAF7AF /* Pods_Appointments_Tests.framework */; };
/* End PBXBuildFile section */

/* Begin PBXContainerItemProxy section */
		607FACE61AFB9204008FA782 /* PBXContainerItemProxy */ = {
			isa = PBXContainerItemProxy;
			containerPortal = 607FACC81AFB9204008FA782 /* Project object */;
			proxyType = 1;
			remoteGlobalIDString = 607FACCF1AFB9204008FA782;
			remoteInfo = Appointments;
		};
/* End PBXContainerItemProxy section */

/* Begin PBXFileReference section */
		2DEC7BC78D03EE8C6F0D3D3E /* Pods-Appointments_Tests.debug.xcconfig */ = {isa = PBXFileReference; includeInIndex = 1; lastKnownFileType = text.xcconfig; name = "Pods-Appointments_Tests.debug.xcconfig"; path = "Target Support Files/Pods-Appointments_Tests/Pods-Appointments_Tests.debug.xcconfig"; sourceTree = "<group>"; };
		330A26378B5AEE47DEF99041 /* Appointments.podspec */ = {isa = PBXFileReference; includeInIndex = 1; lastKnownFileType = text; name = Appointments.podspec; path = ../Appointments.podspec; sourceTree = "<group>"; xcLanguageSpecificationIdentifier = xcode.lang.ruby; };
		607FACD01AFB9204008FA782 /* Appointments_Example.app */ = {isa = PBXFileReference; explicitFileType = wrapper.application; includeInIndex = 0; path = Appointments_Example.app; sourceTree = BUILT_PRODUCTS_DIR; };
		607FACE51AFB9204008FA782 /* Appointments_Tests.xctest */ = {isa = PBXFileReference; explicitFileType = wrapper.cfbundle; includeInIndex = 0; path = Appointments_Tests.xctest; sourceTree = BUILT_PRODUCTS_DIR; };
		607FACEA1AFB9204008FA782 /* Info.plist */ = {isa = PBXFileReference; lastKnownFileType = text.plist.xml; path = Info.plist; sourceTree = "<group>"; };
		607FACEB1AFB9204008FA782 /* Tests.swift */ = {isa = PBXFileReference; lastKnownFileType = sourcecode.swift; path = Tests.swift; sourceTree = "<group>"; };
		7BE7F8DAC57FE70B1FE793B9 /* Pods_Appointments_Example.framework */ = {isa = PBXFileReference; explicitFileType = wrapper.framework; includeInIndex = 0; path = Pods_Appointments_Example.framework; sourceTree = BUILT_PRODUCTS_DIR; };
		9649CC8B35268BBE7976FCAA /* Pods-Appointments_Tests.release.xcconfig */ = {isa = PBXFileReference; includeInIndex = 1; lastKnownFileType = text.xcconfig; name = "Pods-Appointments_Tests.release.xcconfig"; path = "Target Support Files/Pods-Appointments_Tests/Pods-Appointments_Tests.release.xcconfig"; sourceTree = "<group>"; };
		9A6D4080AED12D912B99FDC8 /* LICENSE */ = {isa = PBXFileReference; includeInIndex = 1; lastKnownFileType = text; name = LICENSE; path = ../LICENSE; sourceTree = "<group>"; };
		9FF6068C1A1EA534D47B62AD /* Pods-Appointments_Example.release.xcconfig */ = {isa = PBXFileReference; includeInIndex = 1; lastKnownFileType = text.xcconfig; name = "Pods-Appointments_Example.release.xcconfig"; path = "Target Support Files/Pods-Appointments_Example/Pods-Appointments_Example.release.xcconfig"; sourceTree = "<group>"; };
		A7E72363FF05B2494AEAF7AF /* Pods_Appointments_Tests.framework */ = {isa = PBXFileReference; explicitFileType = wrapper.framework; includeInIndex = 0; path = Pods_Appointments_Tests.framework; sourceTree = BUILT_PRODUCTS_DIR; };
		C695265C26F0677900C9C7C5 /* FacilityProvider.swift */ = {isa = PBXFileReference; fileEncoding = 4; lastKnownFileType = sourcecode.swift; path = FacilityProvider.swift; sourceTree = "<group>"; };
		C695265D26F0677900C9C7C5 /* UserProvider.swift */ = {isa = PBXFileReference; fileEncoding = 4; lastKnownFileType = sourcecode.swift; path = UserProvider.swift; sourceTree = "<group>"; };
		C695265E26F0677900C9C7C5 /* AuthenticationProvider.swift */ = {isa = PBXFileReference; fileEncoding = 4; lastKnownFileType = sourcecode.swift; path = AuthenticationProvider.swift; sourceTree = "<group>"; };
		C6D015C826EF2F6D00797F67 /* Assets.xcassets */ = {isa = PBXFileReference; lastKnownFileType = folder.assetcatalog; path = Assets.xcassets; sourceTree = "<group>"; };
		C6D015C926EF2F6D00797F67 /* AppDelegate.swift */ = {isa = PBXFileReference; fileEncoding = 4; lastKnownFileType = sourcecode.swift; path = AppDelegate.swift; sourceTree = "<group>"; };
		C6D015CA26EF2F6D00797F67 /* Info.plist */ = {isa = PBXFileReference; fileEncoding = 4; lastKnownFileType = text.plist.xml; path = Info.plist; sourceTree = "<group>"; };
		C6D015CC26EF2F6D00797F67 /* Constant.swift */ = {isa = PBXFileReference; fileEncoding = 4; lastKnownFileType = sourcecode.swift; path = Constant.swift; sourceTree = "<group>"; };
		C6D015CD26EF2F6D00797F67 /* ApiManager.swift */ = {isa = PBXFileReference; fileEncoding = 4; lastKnownFileType = sourcecode.swift; path = ApiManager.swift; sourceTree = "<group>"; };
		C6D015D026EF2F6D00797F67 /* BaseViewController.swift */ = {isa = PBXFileReference; fileEncoding = 4; lastKnownFileType = sourcecode.swift; path = BaseViewController.swift; sourceTree = "<group>"; };
		C6D015D126EF2F6D00797F67 /* Functions.swift */ = {isa = PBXFileReference; fileEncoding = 4; lastKnownFileType = sourcecode.swift; path = Functions.swift; sourceTree = "<group>"; };
		C6D015D226EF2F6D00797F67 /* ReachabilityNet.swift */ = {isa = PBXFileReference; fileEncoding = 4; lastKnownFileType = sourcecode.swift; path = ReachabilityNet.swift; sourceTree = "<group>"; };
		C6D015D326EF2F6E00797F67 /* StoryBoardExtension.swift */ = {isa = PBXFileReference; fileEncoding = 4; lastKnownFileType = sourcecode.swift; path = StoryBoardExtension.swift; sourceTree = "<group>"; };
		C6D015D526EF2F6E00797F67 /* Designables.swift */ = {isa = PBXFileReference; fileEncoding = 4; lastKnownFileType = sourcecode.swift; path = Designables.swift; sourceTree = "<group>"; };
		C6D015F326EF2F6E00797F67 /* FacilityViewController.swift */ = {isa = PBXFileReference; fileEncoding = 4; lastKnownFileType = sourcecode.swift; path = FacilityViewController.swift; sourceTree = "<group>"; };
		C6D015F526EF2F6E00797F67 /* FacilityViewModel.swift */ = {isa = PBXFileReference; fileEncoding = 4; lastKnownFileType = sourcecode.swift; path = FacilityViewModel.swift; sourceTree = "<group>"; };
		C6D015F726EF2F6E00797F67 /* FacilityListCell.swift */ = {isa = PBXFileReference; fileEncoding = 4; lastKnownFileType = sourcecode.swift; path = FacilityListCell.swift; sourceTree = "<group>"; };
		C6D015F826EF2F6E00797F67 /* FacilityListCell.xib */ = {isa = PBXFileReference; fileEncoding = 4; lastKnownFileType = file.xib; path = FacilityListCell.xib; sourceTree = "<group>"; };
		C6D015FB26EF2F6E00797F67 /* LoginViewModel.swift */ = {isa = PBXFileReference; fileEncoding = 4; lastKnownFileType = sourcecode.swift; path = LoginViewModel.swift; sourceTree = "<group>"; };
		C6D015FD26EF2F6E00797F67 /* User.swift */ = {isa = PBXFileReference; fileEncoding = 4; lastKnownFileType = sourcecode.swift; path = User.swift; sourceTree = "<group>"; };
		C6D015FF26EF2F6E00797F67 /* LoginViewController.swift */ = {isa = PBXFileReference; fileEncoding = 4; lastKnownFileType = sourcecode.swift; path = LoginViewController.swift; sourceTree = "<group>"; };
		C6D0160226EF2F6E00797F67 /* Base */ = {isa = PBXFileReference; lastKnownFileType = file.storyboard; name = Base; path = Base.lproj/LaunchScreen.storyboard; sourceTree = "<group>"; };
		C6D0160426EF2F6E00797F67 /* Base */ = {isa = PBXFileReference; lastKnownFileType = file.storyboard; name = Base; path = Base.lproj/Main.storyboard; sourceTree = "<group>"; };
		C6D0163626EF400500797F67 /* Family.swift */ = {isa = PBXFileReference; fileEncoding = 4; lastKnownFileType = sourcecode.swift; path = Family.swift; sourceTree = "<group>"; };
		C6D0163726EF400500797F67 /* Staff.swift */ = {isa = PBXFileReference; fileEncoding = 4; lastKnownFileType = sourcecode.swift; path = Staff.swift; sourceTree = "<group>"; };
		C6D0163826EF400500797F67 /* Details.swift */ = {isa = PBXFileReference; fileEncoding = 4; lastKnownFileType = sourcecode.swift; path = Details.swift; sourceTree = "<group>"; };
		C6D0163926EF400500797F67 /* Activities2.swift */ = {isa = PBXFileReference; fileEncoding = 4; lastKnownFileType = sourcecode.swift; path = Activities2.swift; sourceTree = "<group>"; };
		C6D0163A26EF400500797F67 /* Emar_configs.swift */ = {isa = PBXFileReference; fileEncoding = 4; lastKnownFileType = sourcecode.swift; path = Emar_configs.swift; sourceTree = "<group>"; };
		C6D0163B26EF400500797F67 /* Authorization.swift */ = {isa = PBXFileReference; fileEncoding = 4; lastKnownFileType = sourcecode.swift; path = Authorization.swift; sourceTree = "<group>"; };
		C6D0163C26EF400600797F67 /* SubWebapps.swift */ = {isa = PBXFileReference; fileEncoding = 4; lastKnownFileType = sourcecode.swift; path = SubWebapps.swift; sourceTree = "<group>"; };
		C6D0163D26EF400600797F67 /* Rsp.swift */ = {isa = PBXFileReference; fileEncoding = 4; lastKnownFileType = sourcecode.swift; path = Rsp.swift; sourceTree = "<group>"; };
		C6D0163E26EF400600797F67 /* Levels.swift */ = {isa = PBXFileReference; fileEncoding = 4; lastKnownFileType = sourcecode.swift; path = Levels.swift; sourceTree = "<group>"; };
		C6D0163F26EF400600797F67 /* Assessments.swift */ = {isa = PBXFileReference; fileEncoding = 4; lastKnownFileType = sourcecode.swift; path = Assessments.swift; sourceTree = "<group>"; };
		C6D0164026EF400600797F67 /* Facilities.swift */ = {isa = PBXFileReference; fileEncoding = 4; lastKnownFileType = sourcecode.swift; path = Facilities.swift; sourceTree = "<group>"; };
		C6D0164126EF400600797F67 /* ClinicalReferral.swift */ = {isa = PBXFileReference; fileEncoding = 4; lastKnownFileType = sourcecode.swift; path = ClinicalReferral.swift; sourceTree = "<group>"; };
		C6D0164226EF400600797F67 /* Tags.swift */ = {isa = PBXFileReference; fileEncoding = 4; lastKnownFileType = sourcecode.swift; path = Tags.swift; sourceTree = "<group>"; };
		C6D0164326EF400600797F67 /* Permissions.swift */ = {isa = PBXFileReference; fileEncoding = 4; lastKnownFileType = sourcecode.swift; path = Permissions.swift; sourceTree = "<group>"; };
		C6D0164426EF400700797F67 /* Roles.swift */ = {isa = PBXFileReference; fileEncoding = 4; lastKnownFileType = sourcecode.swift; path = Roles.swift; sourceTree = "<group>"; };
		C6D0164526EF400700797F67 /* Shifts.swift */ = {isa = PBXFileReference; fileEncoding = 4; lastKnownFileType = sourcecode.swift; path = Shifts.swift; sourceTree = "<group>"; };
		C6D0164626EF400700797F67 /* Social.swift */ = {isa = PBXFileReference; fileEncoding = 4; lastKnownFileType = sourcecode.swift; path = Social.swift; sourceTree = "<group>"; };
		C6D0164726EF400700797F67 /* Notes.swift */ = {isa = PBXFileReference; fileEncoding = 4; lastKnownFileType = sourcecode.swift; path = Notes.swift; sourceTree = "<group>"; };
		C6D0164826EF400700797F67 /* Tenant.swift */ = {isa = PBXFileReference; fileEncoding = 4; lastKnownFileType = sourcecode.swift; path = Tenant.swift; sourceTree = "<group>"; };
		C6D0164926EF400700797F67 /* FacilitiesUser.swift */ = {isa = PBXFileReference; fileEncoding = 4; lastKnownFileType = sourcecode.swift; path = FacilitiesUser.swift; sourceTree = "<group>"; };
		C6D0164A26EF400700797F67 /* Authorized_residents.swift */ = {isa = PBXFileReference; fileEncoding = 4; lastKnownFileType = sourcecode.swift; path = Authorized_residents.swift; sourceTree = "<group>"; };
		C6D0164B26EF400700797F67 /* FacilitiesModel.swift */ = {isa = PBXFileReference; fileEncoding = 4; lastKnownFileType = sourcecode.swift; path = FacilitiesModel.swift; sourceTree = "<group>"; };
		E9BDCD2539B0616F8A2FBF9A /* README.md */ = {isa = PBXFileReference; includeInIndex = 1; lastKnownFileType = net.daringfireball.markdown; name = README.md; path = ../README.md; sourceTree = "<group>"; };
		F017152A94D2E4586EAA5AF7 /* Pods-Appointments_Example.debug.xcconfig */ = {isa = PBXFileReference; includeInIndex = 1; lastKnownFileType = text.xcconfig; name = "Pods-Appointments_Example.debug.xcconfig"; path = "Target Support Files/Pods-Appointments_Example/Pods-Appointments_Example.debug.xcconfig"; sourceTree = "<group>"; };
/* End PBXFileReference section */

/* Begin PBXFrameworksBuildPhase section */
		607FACCD1AFB9204008FA782 /* Frameworks */ = {
			isa = PBXFrameworksBuildPhase;
			buildActionMask = 2147483647;
			files = (
				98089E42CB4F2EBC9DDC70CC /* Pods_Appointments_Example.framework in Frameworks */,
			);
			runOnlyForDeploymentPostprocessing = 0;
		};
		607FACE21AFB9204008FA782 /* Frameworks */ = {
			isa = PBXFrameworksBuildPhase;
			buildActionMask = 2147483647;
			files = (
				E7D2E0497827F005E5F8AE8D /* Pods_Appointments_Tests.framework in Frameworks */,
			);
			runOnlyForDeploymentPostprocessing = 0;
		};
/* End PBXFrameworksBuildPhase section */

/* Begin PBXGroup section */
		064FE13C11E34E30EB263B2C /* Frameworks */ = {
			isa = PBXGroup;
			children = (
				7BE7F8DAC57FE70B1FE793B9 /* Pods_Appointments_Example.framework */,
				A7E72363FF05B2494AEAF7AF /* Pods_Appointments_Tests.framework */,
			);
			name = Frameworks;
			sourceTree = "<group>";
		};
		287E14ADDB9FD682A0457962 /* Pods */ = {
			isa = PBXGroup;
			children = (
				F017152A94D2E4586EAA5AF7 /* Pods-Appointments_Example.debug.xcconfig */,
				9FF6068C1A1EA534D47B62AD /* Pods-Appointments_Example.release.xcconfig */,
				2DEC7BC78D03EE8C6F0D3D3E /* Pods-Appointments_Tests.debug.xcconfig */,
				9649CC8B35268BBE7976FCAA /* Pods-Appointments_Tests.release.xcconfig */,
			);
			path = Pods;
			sourceTree = "<group>";
		};
		607FACC71AFB9204008FA782 = {
			isa = PBXGroup;
			children = (
				607FACF51AFB993E008FA782 /* PodspecMetadata */,
				607FACD21AFB9204008FA782 /* Appointments */,
				607FACE81AFB9204008FA782 /* AppointmentsTests */,
				607FACD11AFB9204008FA782 /* Products */,
				287E14ADDB9FD682A0457962 /* Pods */,
				064FE13C11E34E30EB263B2C /* Frameworks */,
			);
			sourceTree = "<group>";
		};
		607FACD11AFB9204008FA782 /* Products */ = {
			isa = PBXGroup;
			children = (
				607FACD01AFB9204008FA782 /* Appointments_Example.app */,
				607FACE51AFB9204008FA782 /* Appointments_Tests.xctest */,
			);
			name = Products;
			sourceTree = "<group>";
		};
		607FACD21AFB9204008FA782 /* Appointments */ = {
			isa = PBXGroup;
			children = (
				C6D015D626EF2F6E00797F67 /* AppModules */,
				C695265B26F0677900C9C7C5 /* Bridging */,
				C6D015CE26EF2F6D00797F67 /* Helpers */,
				C6D015CB26EF2F6D00797F67 /* Managers */,
				C6D0160026EF2F6E00797F67 /* StoryBoards */,
				C6D015C726EF2F6D00797F67 /* SupportingFiles */,
			);
			path = Appointments;
			sourceTree = "<group>";
		};
		607FACE81AFB9204008FA782 /* AppointmentsTests */ = {
			isa = PBXGroup;
			children = (
				607FACEB1AFB9204008FA782 /* Tests.swift */,
				607FACE91AFB9204008FA782 /* Supporting Files */,
			);
			path = AppointmentsTests;
			sourceTree = "<group>";
		};
		607FACE91AFB9204008FA782 /* Supporting Files */ = {
			isa = PBXGroup;
			children = (
				607FACEA1AFB9204008FA782 /* Info.plist */,
			);
			name = "Supporting Files";
			sourceTree = "<group>";
		};
		607FACF51AFB993E008FA782 /* PodspecMetadata */ = {
			isa = PBXGroup;
			children = (
				330A26378B5AEE47DEF99041 /* Appointments.podspec */,
				E9BDCD2539B0616F8A2FBF9A /* README.md */,
				9A6D4080AED12D912B99FDC8 /* LICENSE */,
			);
			name = PodspecMetadata;
			sourceTree = "<group>";
		};
		C695265B26F0677900C9C7C5 /* Bridging */ = {
			isa = PBXGroup;
			children = (
				C695265C26F0677900C9C7C5 /* FacilityProvider.swift */,
				C695265D26F0677900C9C7C5 /* UserProvider.swift */,
				C695265E26F0677900C9C7C5 /* AuthenticationProvider.swift */,
			);
			name = Bridging;
			path = Appointments/Bridging;
			sourceTree = SOURCE_ROOT;
		};
		C6D015C726EF2F6D00797F67 /* SupportingFiles */ = {
			isa = PBXGroup;
			children = (
				C6D015C826EF2F6D00797F67 /* Assets.xcassets */,
				C6D015C926EF2F6D00797F67 /* AppDelegate.swift */,
				C6D015CA26EF2F6D00797F67 /* Info.plist */,
			);
			path = SupportingFiles;
			sourceTree = "<group>";
		};
		C6D015CB26EF2F6D00797F67 /* Managers */ = {
			isa = PBXGroup;
			children = (
				C6D015CC26EF2F6D00797F67 /* Constant.swift */,
				C6D015CD26EF2F6D00797F67 /* ApiManager.swift */,
			);
			path = Managers;
			sourceTree = "<group>";
		};
		C6D015CE26EF2F6D00797F67 /* Helpers */ = {
			isa = PBXGroup;
			children = (
				C6D015CF26EF2F6D00797F67 /* Utils */,
				C6D015D426EF2F6E00797F67 /* Designables */,
			);
			path = Helpers;
			sourceTree = "<group>";
		};
		C6D015CF26EF2F6D00797F67 /* Utils */ = {
			isa = PBXGroup;
			children = (
				C6D015D026EF2F6D00797F67 /* BaseViewController.swift */,
				C6D015D126EF2F6D00797F67 /* Functions.swift */,
				C6D015D226EF2F6D00797F67 /* ReachabilityNet.swift */,
				C6D015D326EF2F6E00797F67 /* StoryBoardExtension.swift */,
			);
			path = Utils;
			sourceTree = "<group>";
		};
		C6D015D426EF2F6E00797F67 /* Designables */ = {
			isa = PBXGroup;
			children = (
				C6D015D526EF2F6E00797F67 /* Designables.swift */,
			);
			path = Designables;
			sourceTree = "<group>";
		};
		C6D015D626EF2F6E00797F67 /* AppModules */ = {
			isa = PBXGroup;
			children = (
				C6D015D726EF2F6E00797F67 /* Facility */,
				C6D015F926EF2F6E00797F67 /* Login */,
			);
			path = AppModules;
			sourceTree = "<group>";
		};
		C6D015D726EF2F6E00797F67 /* Facility */ = {
			isa = PBXGroup;
			children = (
				C6D015D826EF2F6E00797F67 /* Models */,
				C6D015F226EF2F6E00797F67 /* ViewController */,
				C6D015F426EF2F6E00797F67 /* ViewModel */,
				C6D015F626EF2F6E00797F67 /* Views */,
			);
			path = Facility;
			sourceTree = "<group>";
		};
		C6D015D826EF2F6E00797F67 /* Models */ = {
			isa = PBXGroup;
			children = (
				C6D0163926EF400500797F67 /* Activities2.swift */,
				C6D0163F26EF400600797F67 /* Assessments.swift */,
				C6D0163B26EF400500797F67 /* Authorization.swift */,
				C6D0164A26EF400700797F67 /* Authorized_residents.swift */,
				C6D0164126EF400600797F67 /* ClinicalReferral.swift */,
				C6D0163826EF400500797F67 /* Details.swift */,
				C6D0163A26EF400500797F67 /* Emar_configs.swift */,
				C6D0164026EF400600797F67 /* Facilities.swift */,
				C6D0163626EF400500797F67 /* Family.swift */,
				C6D0164B26EF400700797F67 /* FacilitiesModel.swift */,
				C6D0163E26EF400600797F67 /* Levels.swift */,
				C6D0164726EF400700797F67 /* Notes.swift */,
				C6D0164326EF400600797F67 /* Permissions.swift */,
				C6D0164426EF400700797F67 /* Roles.swift */,
				C6D0163D26EF400600797F67 /* Rsp.swift */,
				C6D0164526EF400700797F67 /* Shifts.swift */,
				C6D0164626EF400700797F67 /* Social.swift */,
				C6D0163726EF400500797F67 /* Staff.swift */,
				C6D0163C26EF400600797F67 /* SubWebapps.swift */,
				C6D0164226EF400600797F67 /* Tags.swift */,
				C6D0164826EF400700797F67 /* Tenant.swift */,
				C6D0164926EF400700797F67 /* FacilitiesUser.swift */,
			);
			path = Models;
			sourceTree = "<group>";
		};
		C6D015F226EF2F6E00797F67 /* ViewController */ = {
			isa = PBXGroup;
			children = (
				C6D015F326EF2F6E00797F67 /* FacilityViewController.swift */,
			);
			path = ViewController;
			sourceTree = "<group>";
		};
		C6D015F426EF2F6E00797F67 /* ViewModel */ = {
			isa = PBXGroup;
			children = (
				C6D015F526EF2F6E00797F67 /* FacilityViewModel.swift */,
			);
			path = ViewModel;
			sourceTree = "<group>";
		};
		C6D015F626EF2F6E00797F67 /* Views */ = {
			isa = PBXGroup;
			children = (
				C6D015F726EF2F6E00797F67 /* FacilityListCell.swift */,
				C6D015F826EF2F6E00797F67 /* FacilityListCell.xib */,
			);
			path = Views;
			sourceTree = "<group>";
		};
		C6D015F926EF2F6E00797F67 /* Login */ = {
			isa = PBXGroup;
			children = (
				C6D015FA26EF2F6E00797F67 /* ViewModel */,
				C6D015FC26EF2F6E00797F67 /* Model */,
				C6D015FE26EF2F6E00797F67 /* ViewController */,
			);
			path = Login;
			sourceTree = "<group>";
		};
		C6D015FA26EF2F6E00797F67 /* ViewModel */ = {
			isa = PBXGroup;
			children = (
				C6D015FB26EF2F6E00797F67 /* LoginViewModel.swift */,
			);
			path = ViewModel;
			sourceTree = "<group>";
		};
		C6D015FC26EF2F6E00797F67 /* Model */ = {
			isa = PBXGroup;
			children = (
				C6D015FD26EF2F6E00797F67 /* User.swift */,
			);
			path = Model;
			sourceTree = "<group>";
		};
		C6D015FE26EF2F6E00797F67 /* ViewController */ = {
			isa = PBXGroup;
			children = (
				C6D015FF26EF2F6E00797F67 /* LoginViewController.swift */,
			);
			path = ViewController;
			sourceTree = "<group>";
		};
		C6D0160026EF2F6E00797F67 /* StoryBoards */ = {
			isa = PBXGroup;
			children = (
				C6D0160126EF2F6E00797F67 /* LaunchScreen.storyboard */,
				C6D0160326EF2F6E00797F67 /* Main.storyboard */,
			);
			path = StoryBoards;
			sourceTree = "<group>";
		};
/* End PBXGroup section */

/* Begin PBXNativeTarget section */
		607FACCF1AFB9204008FA782 /* Appointments_Example */ = {
			isa = PBXNativeTarget;
			buildConfigurationList = 607FACEF1AFB9204008FA782 /* Build configuration list for PBXNativeTarget "Appointments_Example" */;
			buildPhases = (
				A2698A56F1155174E4600159 /* [CP] Check Pods Manifest.lock */,
				607FACCC1AFB9204008FA782 /* Sources */,
				607FACCD1AFB9204008FA782 /* Frameworks */,
				607FACCE1AFB9204008FA782 /* Resources */,
				F92D0C4D9D62625CF00BD4F1 /* [CP] Embed Pods Frameworks */,
			);
			buildRules = (
			);
			dependencies = (
			);
			name = Appointments_Example;
			productName = Appointments;
			productReference = 607FACD01AFB9204008FA782 /* Appointments_Example.app */;
			productType = "com.apple.product-type.application";
		};
		607FACE41AFB9204008FA782 /* Appointments_Tests */ = {
			isa = PBXNativeTarget;
			buildConfigurationList = 607FACF21AFB9204008FA782 /* Build configuration list for PBXNativeTarget "Appointments_Tests" */;
			buildPhases = (
				73B49D32DE7C461D7381DE6A /* [CP] Check Pods Manifest.lock */,
				607FACE11AFB9204008FA782 /* Sources */,
				607FACE21AFB9204008FA782 /* Frameworks */,
				607FACE31AFB9204008FA782 /* Resources */,
			);
			buildRules = (
			);
			dependencies = (
				607FACE71AFB9204008FA782 /* PBXTargetDependency */,
			);
			name = Appointments_Tests;
			productName = Tests;
			productReference = 607FACE51AFB9204008FA782 /* Appointments_Tests.xctest */;
			productType = "com.apple.product-type.bundle.unit-test";
		};
/* End PBXNativeTarget section */

/* Begin PBXProject section */
		607FACC81AFB9204008FA782 /* Project object */ = {
			isa = PBXProject;
			attributes = {
				LastSwiftUpdateCheck = 0830;
				LastUpgradeCheck = 0830;
				ORGANIZATIONNAME = Caremerge;
				TargetAttributes = {
					607FACCF1AFB9204008FA782 = {
						CreatedOnToolsVersion = 6.3.1;
						LastSwiftMigration = 0900;
					};
					607FACE41AFB9204008FA782 = {
						CreatedOnToolsVersion = 6.3.1;
						LastSwiftMigration = 1250;
						TestTargetID = 607FACCF1AFB9204008FA782;
					};
				};
			};
			buildConfigurationList = 607FACCB1AFB9204008FA782 /* Build configuration list for PBXProject "Appointments" */;
			compatibilityVersion = "Xcode 3.2";
			developmentRegion = English;
			hasScannedForEncodings = 0;
			knownRegions = (
				English,
				en,
				Base,
			);
			mainGroup = 607FACC71AFB9204008FA782;
			productRefGroup = 607FACD11AFB9204008FA782 /* Products */;
			projectDirPath = "";
			projectRoot = "";
			targets = (
				607FACCF1AFB9204008FA782 /* Appointments_Example */,
				607FACE41AFB9204008FA782 /* Appointments_Tests */,
			);
		};
/* End PBXProject section */

/* Begin PBXResourcesBuildPhase section */
		607FACCE1AFB9204008FA782 /* Resources */ = {
			isa = PBXResourcesBuildPhase;
			buildActionMask = 2147483647;
			files = (
				C6D0163126EF30C400797F67 /* LaunchScreen.storyboard in Resources */,
				C6D0163226EF30C600797F67 /* Main.storyboard in Resources */,
				C6D0163326EF315D00797F67 /* Assets.xcassets in Resources */,
				C6D0163426EF31A800797F67 /* FacilityListCell.xib in Resources */,
			);
			runOnlyForDeploymentPostprocessing = 0;
		};
		607FACE31AFB9204008FA782 /* Resources */ = {
			isa = PBXResourcesBuildPhase;
			buildActionMask = 2147483647;
			files = (
			);
			runOnlyForDeploymentPostprocessing = 0;
		};
/* End PBXResourcesBuildPhase section */

/* Begin PBXShellScriptBuildPhase section */
		73B49D32DE7C461D7381DE6A /* [CP] Check Pods Manifest.lock */ = {
			isa = PBXShellScriptBuildPhase;
			buildActionMask = 2147483647;
			files = (
			);
			inputFileListPaths = (
			);
			inputPaths = (
				"${PODS_PODFILE_DIR_PATH}/Podfile.lock",
				"${PODS_ROOT}/Manifest.lock",
			);
			name = "[CP] Check Pods Manifest.lock";
			outputFileListPaths = (
			);
			outputPaths = (
				"$(DERIVED_FILE_DIR)/Pods-Appointments_Tests-checkManifestLockResult.txt",
			);
			runOnlyForDeploymentPostprocessing = 0;
			shellPath = /bin/sh;
			shellScript = "diff \"${PODS_PODFILE_DIR_PATH}/Podfile.lock\" \"${PODS_ROOT}/Manifest.lock\" > /dev/null\nif [ $? != 0 ] ; then\n    # print error to STDERR\n    echo \"error: The sandbox is not in sync with the Podfile.lock. Run 'pod install' or update your CocoaPods installation.\" >&2\n    exit 1\nfi\n# This output is used by Xcode 'outputs' to avoid re-running this script phase.\necho \"SUCCESS\" > \"${SCRIPT_OUTPUT_FILE_0}\"\n";
			showEnvVarsInLog = 0;
		};
		A2698A56F1155174E4600159 /* [CP] Check Pods Manifest.lock */ = {
			isa = PBXShellScriptBuildPhase;
			buildActionMask = 2147483647;
			files = (
			);
			inputFileListPaths = (
			);
			inputPaths = (
				"${PODS_PODFILE_DIR_PATH}/Podfile.lock",
				"${PODS_ROOT}/Manifest.lock",
			);
			name = "[CP] Check Pods Manifest.lock";
			outputFileListPaths = (
			);
			outputPaths = (
				"$(DERIVED_FILE_DIR)/Pods-Appointments_Example-checkManifestLockResult.txt",
			);
			runOnlyForDeploymentPostprocessing = 0;
			shellPath = /bin/sh;
			shellScript = "diff \"${PODS_PODFILE_DIR_PATH}/Podfile.lock\" \"${PODS_ROOT}/Manifest.lock\" > /dev/null\nif [ $? != 0 ] ; then\n    # print error to STDERR\n    echo \"error: The sandbox is not in sync with the Podfile.lock. Run 'pod install' or update your CocoaPods installation.\" >&2\n    exit 1\nfi\n# This output is used by Xcode 'outputs' to avoid re-running this script phase.\necho \"SUCCESS\" > \"${SCRIPT_OUTPUT_FILE_0}\"\n";
			showEnvVarsInLog = 0;
		};
		F92D0C4D9D62625CF00BD4F1 /* [CP] Embed Pods Frameworks */ = {
			isa = PBXShellScriptBuildPhase;
			buildActionMask = 2147483647;
			files = (
			);
			inputPaths = (
				"${PODS_ROOT}/Target Support Files/Pods-Appointments_Example/Pods-Appointments_Example-frameworks.sh",
				"${BUILT_PRODUCTS_DIR}/Alamofire/Alamofire.framework",
				"${BUILT_PRODUCTS_DIR}/Appointments/Appointments.framework",
				"${BUILT_PRODUCTS_DIR}/JVFloatLabeledTextField/JVFloatLabeledTextField.framework",
				"${BUILT_PRODUCTS_DIR}/Kingfisher/Kingfisher.framework",
				"${BUILT_PRODUCTS_DIR}/MBProgressHUD/MBProgressHUD.framework",
				"${BUILT_PRODUCTS_DIR}/RxCocoa/RxCocoa.framework",
				"${BUILT_PRODUCTS_DIR}/RxRelay/RxRelay.framework",
				"${BUILT_PRODUCTS_DIR}/RxSwift/RxSwift.framework",
				"${BUILT_PRODUCTS_DIR}/RxSwiftExt/RxSwiftExt.framework",
				"${BUILT_PRODUCTS_DIR}/SVProgressHUD/SVProgressHUD.framework",
			);
			name = "[CP] Embed Pods Frameworks";
			outputPaths = (
				"${TARGET_BUILD_DIR}/${FRAMEWORKS_FOLDER_PATH}/Alamofire.framework",
				"${TARGET_BUILD_DIR}/${FRAMEWORKS_FOLDER_PATH}/Appointments.framework",
				"${TARGET_BUILD_DIR}/${FRAMEWORKS_FOLDER_PATH}/JVFloatLabeledTextField.framework",
				"${TARGET_BUILD_DIR}/${FRAMEWORKS_FOLDER_PATH}/Kingfisher.framework",
				"${TARGET_BUILD_DIR}/${FRAMEWORKS_FOLDER_PATH}/MBProgressHUD.framework",
				"${TARGET_BUILD_DIR}/${FRAMEWORKS_FOLDER_PATH}/RxCocoa.framework",
				"${TARGET_BUILD_DIR}/${FRAMEWORKS_FOLDER_PATH}/RxRelay.framework",
				"${TARGET_BUILD_DIR}/${FRAMEWORKS_FOLDER_PATH}/RxSwift.framework",
				"${TARGET_BUILD_DIR}/${FRAMEWORKS_FOLDER_PATH}/RxSwiftExt.framework",
				"${TARGET_BUILD_DIR}/${FRAMEWORKS_FOLDER_PATH}/SVProgressHUD.framework",
			);
			runOnlyForDeploymentPostprocessing = 0;
			shellPath = /bin/sh;
			shellScript = "\"${PODS_ROOT}/Target Support Files/Pods-Appointments_Example/Pods-Appointments_Example-frameworks.sh\"\n";
			showEnvVarsInLog = 0;
		};
/* End PBXShellScriptBuildPhase section */

/* Begin PBXSourcesBuildPhase section */
		607FACCC1AFB9204008FA782 /* Sources */ = {
			isa = PBXSourcesBuildPhase;
			buildActionMask = 2147483647;
			files = (
				C6D0165226EF400700797F67 /* SubWebapps.swift in Sources */,
				C6D0164F26EF400700797F67 /* Activities2.swift in Sources */,
				C6D0165A26EF400700797F67 /* Roles.swift in Sources */,
				C695265F26F0677900C9C7C5 /* FacilityProvider.swift in Sources */,
				C695266126F0677900C9C7C5 /* AuthenticationProvider.swift in Sources */,
				C6D0160C26EF2F6E00797F67 /* ReachabilityNet.swift in Sources */,
				C6D0165726EF400700797F67 /* ClinicalReferral.swift in Sources */,
				C6D0165626EF400700797F67 /* Facilities.swift in Sources */,
				C6D0160D26EF2F6E00797F67 /* StoryBoardExtension.swift in Sources */,
				C6D0165026EF400700797F67 /* Emar_configs.swift in Sources */,
				C6D0162826EF2F6E00797F67 /* FacilityViewController.swift in Sources */,
				C6D0162A26EF2F6E00797F67 /* FacilityListCell.swift in Sources */,
				C6D0165B26EF400700797F67 /* Shifts.swift in Sources */,
				C6D0160626EF2F6E00797F67 /* AppDelegate.swift in Sources */,
				C6D0165326EF400700797F67 /* Rsp.swift in Sources */,
				C6D0165526EF400700797F67 /* Assessments.swift in Sources */,
				C6D0165426EF400700797F67 /* Levels.swift in Sources */,
				C6D0165F26EF400700797F67 /* FacilitiesUser.swift in Sources */,
				C6D0165C26EF400700797F67 /* Social.swift in Sources */,
				C6D0166126EF400700797F67 /* FacilitiesModel.swift in Sources */,
				C6D0160A26EF2F6E00797F67 /* BaseViewController.swift in Sources */,
				C6D0165E26EF400700797F67 /* Tenant.swift in Sources */,
				C6D0162D26EF2F6E00797F67 /* User.swift in Sources */,
				C6D0164E26EF400700797F67 /* Details.swift in Sources */,
				C6D0165126EF400700797F67 /* Authorization.swift in Sources */,
				C6D0165D26EF400700797F67 /* Notes.swift in Sources */,
				C6D0162E26EF2F6E00797F67 /* LoginViewController.swift in Sources */,
				C6D0164C26EF400700797F67 /* Family.swift in Sources */,
				C6D0160926EF2F6E00797F67 /* ApiManager.swift in Sources */,
				C6D0164D26EF400700797F67 /* Staff.swift in Sources */,
				C6D0160E26EF2F6E00797F67 /* Designables.swift in Sources */,
				C6D0162926EF2F6E00797F67 /* FacilityViewModel.swift in Sources */,
				C6D0165926EF400700797F67 /* Permissions.swift in Sources */,
				C6D0162C26EF2F6E00797F67 /* LoginViewModel.swift in Sources */,
				C6D0165826EF400700797F67 /* Tags.swift in Sources */,
				C6D0166026EF400700797F67 /* Authorized_residents.swift in Sources */,
				C695266026F0677900C9C7C5 /* UserProvider.swift in Sources */,
				C6D0160B26EF2F6E00797F67 /* Functions.swift in Sources */,
				C6D0160826EF2F6E00797F67 /* Constant.swift in Sources */,
			);
			runOnlyForDeploymentPostprocessing = 0;
		};
		607FACE11AFB9204008FA782 /* Sources */ = {
			isa = PBXSourcesBuildPhase;
			buildActionMask = 2147483647;
			files = (
				607FACEC1AFB9204008FA782 /* Tests.swift in Sources */,
			);
			runOnlyForDeploymentPostprocessing = 0;
		};
/* End PBXSourcesBuildPhase section */

/* Begin PBXTargetDependency section */
		607FACE71AFB9204008FA782 /* PBXTargetDependency */ = {
			isa = PBXTargetDependency;
			target = 607FACCF1AFB9204008FA782 /* Appointments_Example */;
			targetProxy = 607FACE61AFB9204008FA782 /* PBXContainerItemProxy */;
		};
/* End PBXTargetDependency section */

/* Begin PBXVariantGroup section */
		C6D0160126EF2F6E00797F67 /* LaunchScreen.storyboard */ = {
			isa = PBXVariantGroup;
			children = (
				C6D0160226EF2F6E00797F67 /* Base */,
			);
			name = LaunchScreen.storyboard;
			sourceTree = "<group>";
		};
		C6D0160326EF2F6E00797F67 /* Main.storyboard */ = {
			isa = PBXVariantGroup;
			children = (
				C6D0160426EF2F6E00797F67 /* Base */,
			);
			name = Main.storyboard;
			sourceTree = "<group>";
		};
/* End PBXVariantGroup section */

/* Begin XCBuildConfiguration section */
		607FACED1AFB9204008FA782 /* Debug */ = {
			isa = XCBuildConfiguration;
			buildSettings = {
				ALWAYS_SEARCH_USER_PATHS = NO;
				CLANG_CXX_LANGUAGE_STANDARD = "gnu++0x";
				CLANG_CXX_LIBRARY = "libc++";
				CLANG_ENABLE_MODULES = YES;
				CLANG_ENABLE_OBJC_ARC = YES;
				CLANG_WARN_BLOCK_CAPTURE_AUTORELEASING = YES;
				CLANG_WARN_BOOL_CONVERSION = YES;
				CLANG_WARN_COMMA = YES;
				CLANG_WARN_CONSTANT_CONVERSION = YES;
				CLANG_WARN_DIRECT_OBJC_ISA_USAGE = YES_ERROR;
				CLANG_WARN_EMPTY_BODY = YES;
				CLANG_WARN_ENUM_CONVERSION = YES;
				CLANG_WARN_INFINITE_RECURSION = YES;
				CLANG_WARN_INT_CONVERSION = YES;
				CLANG_WARN_NON_LITERAL_NULL_CONVERSION = YES;
				CLANG_WARN_OBJC_LITERAL_CONVERSION = YES;
				CLANG_WARN_OBJC_ROOT_CLASS = YES_ERROR;
				CLANG_WARN_RANGE_LOOP_ANALYSIS = YES;
				CLANG_WARN_STRICT_PROTOTYPES = YES;
				CLANG_WARN_SUSPICIOUS_MOVE = YES;
				CLANG_WARN_UNREACHABLE_CODE = YES;
				CLANG_WARN__DUPLICATE_METHOD_MATCH = YES;
				"CODE_SIGN_IDENTITY[sdk=iphoneos*]" = "iPhone Developer";
				COPY_PHASE_STRIP = NO;
				DEBUG_INFORMATION_FORMAT = "dwarf-with-dsym";
				ENABLE_STRICT_OBJC_MSGSEND = YES;
				ENABLE_TESTABILITY = YES;
				GCC_C_LANGUAGE_STANDARD = gnu99;
				GCC_DYNAMIC_NO_PIC = NO;
				GCC_NO_COMMON_BLOCKS = YES;
				GCC_OPTIMIZATION_LEVEL = 0;
				GCC_PREPROCESSOR_DEFINITIONS = (
					"DEBUG=1",
					"$(inherited)",
				);
				GCC_SYMBOLS_PRIVATE_EXTERN = NO;
				GCC_WARN_64_TO_32_BIT_CONVERSION = YES;
				GCC_WARN_ABOUT_RETURN_TYPE = YES_ERROR;
				GCC_WARN_UNDECLARED_SELECTOR = YES;
				GCC_WARN_UNINITIALIZED_AUTOS = YES_AGGRESSIVE;
				GCC_WARN_UNUSED_FUNCTION = YES;
				GCC_WARN_UNUSED_VARIABLE = YES;
				IPHONEOS_DEPLOYMENT_TARGET = 12.1;
				MTL_ENABLE_DEBUG_INFO = YES;
				ONLY_ACTIVE_ARCH = YES;
				SDKROOT = iphoneos;
				SWIFT_OPTIMIZATION_LEVEL = "-Onone";
			};
			name = Debug;
		};
		607FACEE1AFB9204008FA782 /* Release */ = {
			isa = XCBuildConfiguration;
			buildSettings = {
				ALWAYS_SEARCH_USER_PATHS = NO;
				CLANG_CXX_LANGUAGE_STANDARD = "gnu++0x";
				CLANG_CXX_LIBRARY = "libc++";
				CLANG_ENABLE_MODULES = YES;
				CLANG_ENABLE_OBJC_ARC = YES;
				CLANG_WARN_BLOCK_CAPTURE_AUTORELEASING = YES;
				CLANG_WARN_BOOL_CONVERSION = YES;
				CLANG_WARN_COMMA = YES;
				CLANG_WARN_CONSTANT_CONVERSION = YES;
				CLANG_WARN_DIRECT_OBJC_ISA_USAGE = YES_ERROR;
				CLANG_WARN_EMPTY_BODY = YES;
				CLANG_WARN_ENUM_CONVERSION = YES;
				CLANG_WARN_INFINITE_RECURSION = YES;
				CLANG_WARN_INT_CONVERSION = YES;
				CLANG_WARN_NON_LITERAL_NULL_CONVERSION = YES;
				CLANG_WARN_OBJC_LITERAL_CONVERSION = YES;
				CLANG_WARN_OBJC_ROOT_CLASS = YES_ERROR;
				CLANG_WARN_RANGE_LOOP_ANALYSIS = YES;
				CLANG_WARN_STRICT_PROTOTYPES = YES;
				CLANG_WARN_SUSPICIOUS_MOVE = YES;
				CLANG_WARN_UNREACHABLE_CODE = YES;
				CLANG_WARN__DUPLICATE_METHOD_MATCH = YES;
				"CODE_SIGN_IDENTITY[sdk=iphoneos*]" = "iPhone Developer";
				COPY_PHASE_STRIP = NO;
				DEBUG_INFORMATION_FORMAT = "dwarf-with-dsym";
				ENABLE_NS_ASSERTIONS = NO;
				ENABLE_STRICT_OBJC_MSGSEND = YES;
				GCC_C_LANGUAGE_STANDARD = gnu99;
				GCC_NO_COMMON_BLOCKS = YES;
				GCC_WARN_64_TO_32_BIT_CONVERSION = YES;
				GCC_WARN_ABOUT_RETURN_TYPE = YES_ERROR;
				GCC_WARN_UNDECLARED_SELECTOR = YES;
				GCC_WARN_UNINITIALIZED_AUTOS = YES_AGGRESSIVE;
				GCC_WARN_UNUSED_FUNCTION = YES;
				GCC_WARN_UNUSED_VARIABLE = YES;
				IPHONEOS_DEPLOYMENT_TARGET = 12.1;
				MTL_ENABLE_DEBUG_INFO = NO;
				SDKROOT = iphoneos;
				SWIFT_OPTIMIZATION_LEVEL = "-Owholemodule";
				VALIDATE_PRODUCT = YES;
			};
			name = Release;
		};
		607FACF01AFB9204008FA782 /* Debug */ = {
			isa = XCBuildConfiguration;
			baseConfigurationReference = F017152A94D2E4586EAA5AF7 /* Pods-Appointments_Example.debug.xcconfig */;
			buildSettings = {
				ASSETCATALOG_COMPILER_APPICON_NAME = AppIcon;
				INFOPLIST_FILE = Appointments/SupportingFiles/Info.plist;
				LD_RUNPATH_SEARCH_PATHS = "$(inherited) @executable_path/Frameworks";
				MODULE_NAME = ExampleApp;
				PRODUCT_BUNDLE_IDENTIFIER = "com.caremerge.appointments-ios-demo";
				PRODUCT_NAME = "$(TARGET_NAME)";
				SWIFT_SWIFT3_OBJC_INFERENCE = Default;
				SWIFT_VERSION = 5.0;
				TARGETED_DEVICE_FAMILY = "1,2";
			};
			name = Debug;
		};
		607FACF11AFB9204008FA782 /* Release */ = {
			isa = XCBuildConfiguration;
			baseConfigurationReference = 9FF6068C1A1EA534D47B62AD /* Pods-Appointments_Example.release.xcconfig */;
			buildSettings = {
				ASSETCATALOG_COMPILER_APPICON_NAME = AppIcon;
				INFOPLIST_FILE = Appointments/SupportingFiles/Info.plist;
				LD_RUNPATH_SEARCH_PATHS = "$(inherited) @executable_path/Frameworks";
				MODULE_NAME = ExampleApp;
				PRODUCT_BUNDLE_IDENTIFIER = "com.caremerge.appointments-ios-demo";
				PRODUCT_NAME = "$(TARGET_NAME)";
				SWIFT_SWIFT3_OBJC_INFERENCE = Default;
				SWIFT_VERSION = 5.0;
				TARGETED_DEVICE_FAMILY = "1,2";
			};
			name = Release;
		};
		607FACF31AFB9204008FA782 /* Debug */ = {
			isa = XCBuildConfiguration;
			baseConfigurationReference = 2DEC7BC78D03EE8C6F0D3D3E /* Pods-Appointments_Tests.debug.xcconfig */;
			buildSettings = {
				ALWAYS_EMBED_SWIFT_STANDARD_LIBRARIES = YES;
				FRAMEWORK_SEARCH_PATHS = (
					"$(PLATFORM_DIR)/Developer/Library/Frameworks",
					"$(inherited)",
				);
				GCC_PREPROCESSOR_DEFINITIONS = (
					"DEBUG=1",
					"$(inherited)",
				);
				INFOPLIST_FILE = AppointmentsTests/Info.plist;
				LD_RUNPATH_SEARCH_PATHS = "$(inherited) @executable_path/Frameworks @loader_path/Frameworks";
				PRODUCT_BUNDLE_IDENTIFIER = "org.cocoapods.$(PRODUCT_NAME:rfc1034identifier)";
				PRODUCT_NAME = "$(TARGET_NAME)";
				SWIFT_SWIFT3_OBJC_INFERENCE = Default;
				SWIFT_VERSION = 5.0;
				TEST_HOST = "$(BUILT_PRODUCTS_DIR)/Appointments_Example.app/Appointments_Example";
			};
			name = Debug;
		};
		607FACF41AFB9204008FA782 /* Release */ = {
			isa = XCBuildConfiguration;
			baseConfigurationReference = 9649CC8B35268BBE7976FCAA /* Pods-Appointments_Tests.release.xcconfig */;
			buildSettings = {
				ALWAYS_EMBED_SWIFT_STANDARD_LIBRARIES = YES;
				FRAMEWORK_SEARCH_PATHS = (
					"$(PLATFORM_DIR)/Developer/Library/Frameworks",
					"$(inherited)",
				);
				INFOPLIST_FILE = AppointmentsTests/Info.plist;
				LD_RUNPATH_SEARCH_PATHS = "$(inherited) @executable_path/Frameworks @loader_path/Frameworks";
				PRODUCT_BUNDLE_IDENTIFIER = "org.cocoapods.$(PRODUCT_NAME:rfc1034identifier)";
				PRODUCT_NAME = "$(TARGET_NAME)";
				SWIFT_SWIFT3_OBJC_INFERENCE = Default;
				SWIFT_VERSION = 5.0;
				TEST_HOST = "$(BUILT_PRODUCTS_DIR)/Appointments_Example.app/Appointments_Example";
			};
			name = Release;
		};
/* End XCBuildConfiguration section */

/* Begin XCConfigurationList section */
		607FACCB1AFB9204008FA782 /* Build configuration list for PBXProject "Appointments" */ = {
			isa = XCConfigurationList;
			buildConfigurations = (
				607FACED1AFB9204008FA782 /* Debug */,
				607FACEE1AFB9204008FA782 /* Release */,
			);
			defaultConfigurationIsVisible = 0;
			defaultConfigurationName = Release;
		};
		607FACEF1AFB9204008FA782 /* Build configuration list for PBXNativeTarget "Appointments_Example" */ = {
			isa = XCConfigurationList;
			buildConfigurations = (
				607FACF01AFB9204008FA782 /* Debug */,
				607FACF11AFB9204008FA782 /* Release */,
			);
			defaultConfigurationIsVisible = 0;
			defaultConfigurationName = Release;
		};
		607FACF21AFB9204008FA782 /* Build configuration list for PBXNativeTarget "Appointments_Tests" */ = {
			isa = XCConfigurationList;
			buildConfigurations = (
				607FACF31AFB9204008FA782 /* Debug */,
				607FACF41AFB9204008FA782 /* Release */,
			);
			defaultConfigurationIsVisible = 0;
			defaultConfigurationName = Release;
		};
/* End XCConfigurationList section */
	};
	rootObject = 607FACC81AFB9204008FA782 /* Project object */;
}
